
Microsoft Visual Studio Solution File, Format Version 12.00
# Visual Studio Version 17
VisualStudioVersion = 17.3.32804.467
MinimumVisualStudioVersion = 10.0.40219.1
Project("{9A19103F-16F7-4668-BE54-9A1E7A4F7556}") = "DownloadClientWithResume", "DownloadClientWithResume\DownloadClientWithResume.csproj", "{A646F43E-A9DF-418F-9D1F-0F78183A07FE}"
EndProject
Project("{9A19103F-16F7-4668-BE54-9A1E7A4F7556}") = "ICSharpCode.SharpZipLib", "..\..\SharpZipLib\src\ICSharpCode.SharpZipLib\ICSharpCode.SharpZipLib.csproj", "{314FD383-1403-47AA-937A-5F2B475E1A0B}"
EndProject
Global
	GlobalSection(SolutionConfigurationPlatforms) = preSolution
		Debug|Any CPU = Debug|Any CPU
		Release|Any CPU = Release|Any CPU
	EndGlobalSection
	GlobalSection(ProjectConfigurationPlatforms) = postSolution
		{A646F43E-A9DF-418F-9D1F-0F78183A07FE}.Debug|Any CPU.ActiveCfg = Debug|Any CPU
		{A646F43E-A9DF-418F-9D1F-0F78183A07FE}.Debug|Any CPU.Build.0 = Debug|Any CPU
		{A646F43E-A9DF-418F-9D1F-0F78183A07FE}.Release|Any CPU.ActiveCfg = Release|Any CPU
		{A646F43E-A9DF-418F-9D1F-0F78183A07FE}.Release|Any CPU.Build.0 = Release|Any CPU
		{314FD383-1403-47AA-937A-5F2B475E1A0B}.Debug|Any CPU.ActiveCfg = Debug|Any CPU
		{314FD383-1403-47AA-937A-5F2B475E1A0B}.Debug|Any CPU.Build.0 = Debug|Any CPU
		{314FD383-1403-47AA-937A-5F2B475E1A0B}.Release|Any CPU.ActiveCfg = Release|Any CPU
		{314FD383-1403-47AA-937A-5F2B475E1A0B}.Release|Any CPU.Build.0 = Release|Any CPU
	EndGlobalSection
	GlobalSection(SolutionProperties) = preSolution
		HideSolutionNode = FALSE
	EndGlobalSection
	GlobalSection(ExtensibilityGlobals) = postSolution
		SolutionGuid = {A40054DE-692F-447F-86C8-C20FFB242BB5}
	EndGlobalSection
EndGlobal
